{
    "_meta": {
        "hash": {
            "sha256": "a36bb99c23a36dc255e8044b601ae445938bf8cc8a331d5f5e2d3755a65a5fda"
        },
        "pipfile-spec": 6,
        "requires": {
            "python_version": "3.7"
        },
        "sources": [
            {
                "name": "pypi",
                "url": "https://pypi.org/simple",
                "verify_ssl": true
            }
        ]
    },
    "default": {
        "asgiref": {
            "hashes": [
                "sha256:5ee950735509d04eb673bd7f7120f8fa1c9e2df495394992c73234d526907e17",
                "sha256:7162a3cb30ab0609f1a4c95938fd73e8604f63bdba516a7f7d64b83ff09478f0"
            ],
            "version": "==3.3.1"
        },
        "defusedxml": {
            "hashes": [
                "sha256:1bb3032db185915b62d7c6209c5a8792be6a32ab2fedacc84e01b52c51aa3e69",
                "sha256:a352e7e428770286cc899e2542b6cdaedb2b4953ff269a210103ec58f6198a61"
            ],
            "version": "==0.7.1"
        },
        "diff-match-patch": {
            "hashes": [
                "sha256:8bf9d9c4e059d917b5c6312bac0c137971a32815ddbda9c682b949f2986b4d34",
                "sha256:da6f5a01aa586df23dfc89f3827e1cafbb5420be9d87769eeb079ddfd9477a18"
            ],
            "version": "==20200713"
        },
        "django": {
            "hashes": [
                "sha256:4f2c913303be4f874015993420bf0bd8fd2097a9c88e6b49c6a92f9bdd3fb13a",
                "sha256:8c3575f81e11390893860d97e1e0154c47512f180ea55bd84ce8fa69ba8051ca"
            ],
            "index": "pypi",
            "version": "==3.0.2"
        },
        "django-appconf": {
            "hashes": [
                "sha256:1b1d0e1069c843ebe8ae5aa48ec52403b1440402b320c3e3a206a0907e97bb06",
                "sha256:be58deb54a43d77d2e1621fe59f787681376d3cd0b8bd8e4758ef6c3a6453380"
            ],
            "version": "==1.0.4"
        },
        "django-image-cropping": {
            "hashes": [
                "sha256:5c102d87bc66de025517ad06e485c100f73313ebf725e7482a728944276f6463"
            ],
            "index": "pypi",
            "version": "==1.3.0"
        },
        "django-import-export": {
            "hashes": [
                "sha256:939109c8be31a8bcc8779634c080c4510669aba576b173f37cfdf838a705d0ac",
                "sha256:94c2030ba1b141bdd6423ac479b4da79b7de55c5a9f339b675c46299db184c11"
            ],
            "index": "pypi",
            "version": "==2.0.1"
        },
        "easy-thumbnails": {
            "hashes": [
                "sha256:e4e7a0dd4001f56bfd4058428f2c91eafe27d33ef3b8b33ac4e013b159b9ff91"
            ],
            "index": "pypi",
            "version": "==2.7"
        },
        "et-xmlfile": {
            "hashes": [
                "sha256:614d9722d572f6246302c4491846d2c393c199cfa4edc9af593437691683335b"
            ],
            "version": "==1.0.1"
        },
        "markuppy": {
            "hashes": [
                "sha256:1adee2c0a542af378fe84548ff6f6b0168f3cb7f426b46961038a2bcfaad0d5f"
            ],
            "version": "==1.14"
        },
        "odfpy": {
            "hashes": [
                "sha256:db766a6e59c5103212f3cc92ec8dd50a0f3a02790233ed0b52148b70d3c438ec"
            ],
            "version": "==1.4.1"
        },
        "openpyxl": {
            "hashes": [
                "sha256:46af4eaf201a89b610fcca177eed957635f88770a5462fb6aae4a2a52b0ff516",
                "sha256:6456a3b472e1ef0facb1129f3c6ef00713cebf62e736cd7a75bcc3247432f251"
            ],
            "version": "==3.0.7"
        },
        "pillow": {
            "hashes": [
                "sha256:15306d71a1e96d7e271fd2a0737038b5a92ca2978d2e38b6ced7966583e3d5af",
                "sha256:1940fc4d361f9cc7e558d6f56ff38d7351b53052fd7911f4b60cd7bc091ea3b1",
                "sha256:1f93f2fe211f1ef75e6f589327f4d4f8545d5c8e826231b042b483d8383e8a7c",
                "sha256:30d33a1a6400132e6f521640dd3f64578ac9bfb79a619416d7e8802b4ce1dd55",
                "sha256:328240f7dddf77783e72d5ed79899a6b48bc6681f8d1f6001f55933cb4905060",
                "sha256:46c2bcf8e1e75d154e78417b3e3c64e96def738c2a25435e74909e127a8cba5e",
                "sha256:5762ebb4436f46b566fc6351d67a9b5386b5e5de4e58fdaa18a1c83e0e20f1a8",
                "sha256:5a2d957eb4aba9d48170b8fe6538ec1fbc2119ffe6373782c03d8acad3323f2e",
                "sha256:5cf03b9534aca63b192856aa601c68d0764810857786ea5da652581f3a44c2b0",
                "sha256:5daba2b40782c1c5157a788ec4454067c6616f5a0c1b70e26ac326a880c2d328",
                "sha256:63cd413ac52ee3f67057223d363f4f82ce966e64906aea046daf46695e3c8238",
                "sha256:6efac40344d8f668b6c4533ae02a48d52fd852ef0654cc6f19f6ac146399c733",
                "sha256:71b01ee69e7df527439d7752a2ce8fb89e19a32df484a308eca3e81f673d3a03",
                "sha256:71f31ee4df3d5e0b366dd362007740106d3210fb6a56ec4b581a5324ba254f06",
                "sha256:72027ebf682abc9bafd93b43edc44279f641e8996fb2945104471419113cfc71",
                "sha256:74cd9aa648ed6dd25e572453eb09b08817a1e3d9f8d1bd4d8403d99e42ea790b",
                "sha256:81b3716cc9744ffdf76b39afb6247eae754186838cedad0b0ac63b2571253fe6",
                "sha256:8565355a29655b28fdc2c666fd9a3890fe5edc6639d128814fafecfae2d70910",
                "sha256:87f42c976f91ca2fc21a3293e25bd3cd895918597db1b95b93cbd949f7d019ce",
                "sha256:89e4c757a91b8c55d97c91fa09c69b3677c227b942fa749e9a66eef602f59c28",
                "sha256:8c4e32218c764bc27fe49b7328195579581aa419920edcc321c4cb877c65258d",
                "sha256:903293320efe2466c1ab3509a33d6b866dc850cfd0c5d9cc92632014cec185fb",
                "sha256:90882c6f084ef68b71bba190209a734bf90abb82ab5e8f64444c71d5974008c6",
                "sha256:98afcac3205d31ab6a10c5006b0cf040d0026a68ec051edd3517b776c1d78b09",
                "sha256:a01da2c266d9868c4f91a9c6faf47a251f23b9a862dce81d2ff583135206f5be",
                "sha256:aeab4cd016e11e7aa5cfc49dcff8e51561fa64818a0be86efa82c7038e9369d0",
                "sha256:b07c660e014852d98a00a91adfbe25033898a9d90a8f39beb2437d22a203fc44",
                "sha256:bead24c0ae3f1f6afcb915a057943ccf65fc755d11a1410a909c1fefb6c06ad1",
                "sha256:d1d6bca39bb6dd94fba23cdb3eeaea5e30c7717c5343004d900e2a63b132c341",
                "sha256:e2cd8ac157c1e5ae88b6dd790648ee5d2777e76f1e5c7d184eaddb2938594f34",
                "sha256:e5739ae63636a52b706a0facec77b2b58e485637e1638202556156e424a02dc2",
                "sha256:f36c3ff63d6fc509ce599a2f5b0d0732189eed653420e7294c039d342c6e204a",
                "sha256:f91b50ad88048d795c0ad004abbe1390aa1882073b1dca10bfd55d0b8cf18ec5"
            ],
            "version": "==8.1.2"
        },
        "psycopg2": {
            "hashes": [
                "sha256:4212ca404c4445dc5746c0d68db27d2cbfb87b523fe233dc84ecd24062e35677",
                "sha256:47fc642bf6f427805daf52d6e52619fe0637648fe27017062d898f3bf891419d",
                "sha256:72772181d9bad1fa349792a1e7384dde56742c14af2b9986013eb94a240f005b",
                "sha256:8396be6e5ff844282d4d49b81631772f80dabae5658d432202faf101f5283b7c",
                "sha256:893c11064b347b24ecdd277a094413e1954f8a4e8cdaf7ffbe7ca3db87c103f0",
                "sha256:92a07dfd4d7c325dd177548c4134052d4842222833576c8391aab6f74038fc3f",
                "sha256:965c4c93e33e6984d8031f74e51227bd755376a9df6993774fd5b6fb3288b1f4",
                "sha256:9ab75e0b2820880ae24b7136c4d230383e07db014456a476d096591172569c38",
                "sha256:b0845e3bdd4aa18dc2f9b6fb78fbd3d9d371ad167fd6d1b7ad01c0a6cdad4fc6",
                "sha256:dca2d7203f0dfce8ea4b3efd668f8ea65cd2b35112638e488a4c12594015f67b",
                "sha256:ed686e5926929887e2c7ae0a700e32c6129abb798b4ad2b846e933de21508151",
                "sha256:ef6df7e14698e79c59c7ee7cf94cd62e5b869db369ed4b1b8f7b729ea825712a",
                "sha256:f898e5cc0a662a9e12bde6f931263a1bbd350cfb18e1d5336a12927851825bb6"
            ],
            "index": "pypi",
            "version": "==2.8.4"
        },
        "pytz": {
            "hashes": [
                "sha256:83a4a90894bf38e243cf052c8b58f381bfe9a7a483f6a9cab140bc7f702ac4da",
                "sha256:eb10ce3e7736052ed3623d49975ce333bcd712c7bb19a58b9e2089d4057d0798"
            ],
            "version": "==2021.1"
        },
        "pyyaml": {
            "hashes": [
                "sha256:02c78d77281d8f8d07a255e57abdbf43b02257f59f50cc6b636937d68efa5dd0",
                "sha256:0dc9f2eb2e3c97640928dec63fd8dc1dd91e6b6ed236bd5ac00332b99b5c2ff9",
                "sha256:124fd7c7bc1e95b1eafc60825f2daf67c73ce7b33f1194731240d24b0d1bf628",
                "sha256:26fcb33776857f4072601502d93e1a619f166c9c00befb52826e7b774efaa9db",
                "sha256:31ba07c54ef4a897758563e3a0fcc60077698df10180abe4b8165d9895c00ebf",
                "sha256:3c49e39ac034fd64fd576d63bb4db53cda89b362768a67f07749d55f128ac18a",
                "sha256:52bf0930903818e600ae6c2901f748bc4869c0c406056f679ab9614e5d21a166",
                "sha256:5a3f345acff76cad4aa9cb171ee76c590f37394186325d53d1aa25318b0d4a09",
                "sha256:5e7ac4e0e79a53451dc2814f6876c2fa6f71452de1498bbe29c0b54b69a986f4",
                "sha256:7242790ab6c20316b8e7bb545be48d7ed36e26bbe279fd56f2c4a12510e60b4b",
                "sha256:737bd70e454a284d456aa1fa71a0b429dd527bcbf52c5c33f7c8eee81ac16b89",
                "sha256:8635d53223b1f561b081ff4adecb828fd484b8efffe542edcfdff471997f7c39",
                "sha256:8b818b6c5a920cbe4203b5a6b14256f0e5244338244560da89b7b0f1313ea4b6",
                "sha256:8bf38641b4713d77da19e91f8b5296b832e4db87338d6aeffe422d42f1ca896d",
                "sha256:a36a48a51e5471513a5aea920cdad84cbd56d70a5057cca3499a637496ea379c",
                "sha256:b2243dd033fd02c01212ad5c601dafb44fbb293065f430b0d3dbf03f3254d615",
                "sha256:cc547d3ead3754712223abb7b403f0a184e4c3eae18c9bb7fd15adef1597cc4b",
                "sha256:cc552b6434b90d9dbed6a4f13339625dc466fd82597119897e9489c953acbc22",
                "sha256:f3790156c606299ff499ec44db422f66f05a7363b39eb9d5b064f17bd7d7c47b",
                "sha256:f7a21e3d99aa3095ef0553e7ceba36fb693998fbb1226f1392ce33681047465f",
                "sha256:fdc6b2cb4b19e431994f25a9160695cc59a4e861710cc6fc97161c5e845fc579"
            ],
            "index": "pypi",
            "version": "==5.4"
        },
        "sqlparse": {
            "hashes": [
                "sha256:017cde379adbd6a1f15a61873f43e8274179378e95ef3fede90b5aa64d304ed0",
                "sha256:0f91fd2e829c44362cbcfab3e9ae12e22badaa8a29ad5ff599f9ec109f0454e8"
            ],
            "version": "==0.4.1"
        },
        "tablib": {
            "hashes": [
                "sha256:00654241e5beee437ba544e4fa4abef70ccec3668503aa95406c1250bb660770",
                "sha256:6336e7aa3f0e5894b47270a3dc639cc2e78eb823c7ccb8c4512fb408cdc18d08"
            ],
            "version": "==0.14.0"
        },
        "uwsgi": {
            "hashes": [
                "sha256:4972ac538800fb2d421027f49b4a1869b66048839507ccf0aa2fda792d99f583"
            ],
            "index": "pypi",
            "version": "==2.0.18"
        },
        "xlrd": {
            "hashes": [
                "sha256:6a33ee89877bd9abc1158129f6e94be74e2679636b8a205b43b85206c3f0bbdd",
                "sha256:f72f148f54442c6b056bf931dbc34f986fd0c3b0b6b5a58d013c9aef274d0c88"
            ],
            "version": "==2.0.1"
        },
        "xlwt": {
            "hashes": [
                "sha256:a082260524678ba48a297d922cc385f58278b8aa68741596a87de01a9c628b2e",
                "sha256:c59912717a9b28f1a3c2a98fd60741014b06b043936dcecbc113eaaada156c88"
            ],
            "version": "==1.3.0"
        }
    },
    "develop": {}
}
